
Microsoft Visual Studio Solution File, Format Version 12.00
Project("{FAE04EC0-301F-11D3-BF4B-00C04F79EFBC}") = "AdjutantBot", "AdjutantBot\AdjutantBot.csproj", "{8326C9D7-65AB-4697-AEE6-99C400B4E442}"
EndProject
Project("{FAE04EC0-301F-11D3-BF4B-00C04F79EFBC}") = "AdjutantBotConsole", "AdjutantBotConsole\AdjutantBotConsole.csproj", "{DDE32878-77DA-4B2D-B6E6-1637B7A79DF5}"
EndProject
Global
	GlobalSection(SolutionConfigurationPlatforms) = preSolution
		Debug|Any CPU = Debug|Any CPU
		Release|Any CPU = Release|Any CPU
	EndGlobalSection
	GlobalSection(ProjectConfigurationPlatforms) = postSolution
		{8326C9D7-65AB-4697-AEE6-99C400B4E442}.Debug|Any CPU.ActiveCfg = Debug|Any CPU
		{8326C9D7-65AB-4697-AEE6-99C400B4E442}.Debug|Any CPU.Build.0 = Debug|Any CPU
		{8326C9D7-65AB-4697-AEE6-99C400B4E442}.Release|Any CPU.ActiveCfg = Release|Any CPU
		{8326C9D7-65AB-4697-AEE6-99C400B4E442}.Release|Any CPU.Build.0 = Release|Any CPU
		{DDE32878-77DA-4B2D-B6E6-1637B7A79DF5}.Debug|Any CPU.ActiveCfg = Debug|Any CPU
		{DDE32878-77DA-4B2D-B6E6-1637B7A79DF5}.Debug|Any CPU.Build.0 = Debug|Any CPU
		{DDE32878-77DA-4B2D-B6E6-1637B7A79DF5}.Release|Any CPU.ActiveCfg = Release|Any CPU
		{DDE32878-77DA-4B2D-B6E6-1637B7A79DF5}.Release|Any CPU.Build.0 = Release|Any CPU
	EndGlobalSection
EndGlobal
